
Microsoft Visual Studio Solution File, Format Version 12.00
# Visual Studio Version 16
VisualStudioVersion = 16.0.30711.63
MinimumVisualStudioVersion = 10.0.40219.1
Project("{FAE04EC0-301F-11D3-BF4B-00C04F79EFBC}") = "ClassMetotDemo", "ClassMetotDemo\ClassMetotDemo.csproj", "{8CE8156C-67E0-4F1D-91EE-84A44084187F}"
EndProject
Global
	GlobalSection(SolutionConfigurationPlatforms) = preSolution
		Debug|Any CPU = Debug|Any CPU
		Release|Any CPU = Release|Any CPU
	EndGlobalSection
	GlobalSection(ProjectConfigurationPlatforms) = postSolution
		{8CE8156C-67E0-4F1D-91EE-84A44084187F}.Debug|Any CPU.ActiveCfg = Debug|Any CPU
		{8CE8156C-67E0-4F1D-91EE-84A44084187F}.Debug|Any CPU.Build.0 = Debug|Any CPU
		{8CE8156C-67E0-4F1D-91EE-84A44084187F}.Release|Any CPU.ActiveCfg = Release|Any CPU
		{8CE8156C-67E0-4F1D-91EE-84A44084187F}.Release|Any CPU.Build.0 = Release|Any CPU
	EndGlobalSection
	GlobalSection(SolutionProperties) = preSolution
		HideSolutionNode = FALSE
	EndGlobalSection
	GlobalSection(ExtensibilityGlobals) = postSolution
		SolutionGuid = {6ECCAF4B-51FD-4A14-86DC-89D1BE3FB7AD}
	EndGlobalSection
EndGlobal
